
Microsoft Visual Studio Solution File, Format Version 12.00
# Visual Studio Version 17
VisualStudioVersion = 17.7.34221.43
MinimumVisualStudioVersion = 10.0.40219.1
Project("{FAE04EC0-301F-11D3-BF4B-00C04F79EFBC}") = "MagicVillage", "MagicVillage\MagicVillage.csproj", "{C3BD530B-C78A-446F-ADB7-2DE53DDDA22B}"
EndProject
Global
	GlobalSection(SolutionConfigurationPlatforms) = preSolution
		Debug|Any CPU = Debug|Any CPU
		Release|Any CPU = Release|Any CPU
	EndGlobalSection
	GlobalSection(ProjectConfigurationPlatforms) = postSolution
		{C3BD530B-C78A-446F-ADB7-2DE53DDDA22B}.Debug|Any CPU.ActiveCfg = Debug|Any CPU
		{C3BD530B-C78A-446F-ADB7-2DE53DDDA22B}.Debug|Any CPU.Build.0 = Debug|Any CPU
		{C3BD530B-C78A-446F-ADB7-2DE53DDDA22B}.Release|Any CPU.ActiveCfg = Release|Any CPU
		{C3BD530B-C78A-446F-ADB7-2DE53DDDA22B}.Release|Any CPU.Build.0 = Release|Any CPU
	EndGlobalSection
	GlobalSection(SolutionProperties) = preSolution
		HideSolutionNode = FALSE
	EndGlobalSection
	GlobalSection(ExtensibilityGlobals) = postSolution
		SolutionGuid = {B686749F-FE32-4079-8F8C-51489F8ECA79}
	EndGlobalSection
EndGlobal
